<?xml version="1.0" encoding="utf-8"?>
<Project ToolsVersion="4.0" xmlns="http://schemas.microsoft.com/developer/msbuild/2003">
  <ItemGroup>
    <Filter Include="Source Files">
      <UniqueIdentifier>{4FC737F1-C7A5-4376-A066-2A32D752A2FF}</UniqueIdentifier>
      <Extensions>cpp;c;cc;cxx;def;odl;idl;hpj;bat;asm;asmx</Extensions>
    </Filter>
    <Filter Include="Header Files">
      <UniqueIdentifier>{93995380-89BD-4b04-88EB-625FBE52EBFB}</UniqueIdentifier>
      <Extensions>h;hh;hpp;hxx;hm;inl;inc;xsd</Extensions>
    </Filter>
    <Filter Include="Resource Files">
      <UniqueIdentifier>{67DA6AB6-F800-4c08-8B7A-83BB121AAD01}</UniqueIdentifier>
      <Extensions>rc;ico;cur;bmp;dlg;rc2;rct;bin;rgs;gif;jpg;jpeg;jpe;resx;tiff;tif;png;wav;mfcribbon-ms</Extensions>
    </Filter>
    <Filter Include="Resource Files\shaders">
      <UniqueIdentifier>{627011e0-fc91-4654-8569-aa587a2c7a80}</UniqueIdentifier>
    </Filter>
  </ItemGroup>
  <ItemGroup>
    <ClCompile Include="src\BlinnPhongShader.cpp">
      <Filter>Source Files</Filter>
    </ClCompile>
    <ClCompile Include="src\Cube.cpp">
      <Filter>Source Files</Filter>
    </ClCompile>
    <ClCompile Include="src\main.cpp">
      <Filter>Source Files</Filter>
    </ClCompile>
    <ClCompile Include="src\Mesh.cpp">
      <Filter>Source Files</Filter>
    </ClCompile>
    <ClCompile Include="src\Model3D.cpp">
      <Filter>Source Files</Filter>
    </ClCompile>
    <ClCompile Include="src\Model3DShader.cpp">
      <Filter>Source Files</Filter>
    </ClCompile>
    <ClCompile Include="src\MyGlWindow.cpp">
      <Filter>Source Files</Filter>
    </ClCompile>
    <ClCompile Include="src\Object3D.cpp">
      <Filter>Source Files</Filter>
    </ClCompile>
    <ClCompile Include="src\Shader.cpp">
      <Filter>Source Files</Filter>
    </ClCompile>
    <ClCompile Include="src\Viewer.cpp">
      <Filter>Source Files</Filter>
    </ClCompile>
    <ClCompile Include="src\TextureBombingShader.cpp">
      <Filter>Source Files</Filter>
    </ClCompile>
    <ClCompile Include="src\WindowGUI.cpp">
      <Filter>Source Files</Filter>
    </ClCompile>
    <ClCompile Include="src\Light.cpp">
      <Filter>Source Files</Filter>
    </ClCompile>
    <ClCompile Include="src\Plane.cpp">
      <Filter>Source Files</Filter>
    </ClCompile>
    <ClCompile Include="src\CheckerboardShader.cpp">
      <Filter>Source Files</Filter>
    </ClCompile>
    <ClCompile Include="src\Sphere.cpp">
      <Filter>Source Files</Filter>
    </ClCompile>
    <ClCompile Include="src\ShaderEditGUI.cpp">
      <Filter>Source Files</Filter>
    </ClCompile>
    <ClCompile Include="src\Torus.cpp">
      <Filter>Source Files</Filter>
    </ClCompile>
    <ClCompile Include="src\CellShadingShader.cpp">
      <Filter>Source Files</Filter>
    </ClCompile>
  </ItemGroup>
  <ItemGroup>
    <ClInclude Include="include\BlinnPhongShader.h">
      <Filter>Header Files</Filter>
    </ClInclude>
    <ClInclude Include="include\Cube.h">
      <Filter>Header Files</Filter>
    </ClInclude>
    <ClInclude Include="include\Loader.h">
      <Filter>Header Files</Filter>
    </ClInclude>
    <ClInclude Include="include\Mesh.h">
      <Filter>Header Files</Filter>
    </ClInclude>
    <ClInclude Include="include\Model3D.h">
      <Filter>Header Files</Filter>
    </ClInclude>
    <ClInclude Include="include\Model3DShader.h">
      <Filter>Header Files</Filter>
    </ClInclude>
    <ClInclude Include="include\ModelView.h">
      <Filter>Header Files</Filter>
    </ClInclude>
    <ClInclude Include="include\MyGlWindow.h">
      <Filter>Header Files</Filter>
    </ClInclude>
    <ClInclude Include="include\Object3D.h">
      <Filter>Header Files</Filter>
    </ClInclude>
    <ClInclude Include="include\Shader.h">
      <Filter>Header Files</Filter>
    </ClInclude>
    <ClInclude Include="include\Viewer.h">
      <Filter>Header Files</Filter>
    </ClInclude>
    <ClInclude Include="include\TextureBombingShader.h">
      <Filter>Header Files</Filter>
    </ClInclude>
    <ClInclude Include="include\WindowGUI.h">
      <Filter>Header Files</Filter>
    </ClInclude>
    <ClInclude Include="include\Light.h">
      <Filter>Header Files</Filter>
    </ClInclude>
    <ClInclude Include="include\Plane.h">
      <Filter>Header Files</Filter>
    </ClInclude>
    <ClInclude Include="include\CheckerboardShader.h">
      <Filter>Header Files</Filter>
    </ClInclude>
    <ClInclude Include="include\Sphere.h">
      <Filter>Header Files</Filter>
    </ClInclude>
    <ClInclude Include="include\ShaderEditGUI.h">
      <Filter>Header Files</Filter>
    </ClInclude>
    <ClInclude Include="include\Torus.h">
      <Filter>Header Files</Filter>
    </ClInclude>
    <ClInclude Include="include\CellShadingShader.h">
      <Filter>Header Files</Filter>
    </ClInclude>
  </ItemGroup>
  <ItemGroup>
    <None Include="shaders\BlinnPhong.frag">
      <Filter>Resource Files\shaders</Filter>
    </None>
    <None Include="shaders\BlinnPhong.vert">
      <Filter>Resource Files\shaders</Filter>
    </None>
    <None Include="shaders\Model3D.frag">
      <Filter>Resource Files\shaders</Filter>
    </None>
    <None Include="shaders\Model3D.vert">
      <Filter>Resource Files\shaders</Filter>
    </None>
    <None Include="shaders\TextureBombing.frag">
      <Filter>Resource Files\shaders</Filter>
    </None>
    <None Include="shaders\TextureBombing.vert">
      <Filter>Resource Files\shaders</Filter>
    </None>
    <None Include="shaders\Checkerboard.frag">
      <Filter>Resource Files\shaders</Filter>
    </None>
    <None Include="shaders\Checkerboard.vert">
      <Filter>Resource Files\shaders</Filter>
    </None>
    <None Include="shaders\CellShading.frag">
      <Filter>Resource Files\shaders</Filter>
    </None>
    <None Include="shaders\CellShading.vert">
      <Filter>Resource Files\shaders</Filter>
    </None>
    <None Include="shaders\CellShadingSilouhette.frag">
      <Filter>Resource Files\shaders</Filter>
    </None>
    <None Include="shaders\CellShadingSilouhette.vert">
      <Filter>Resource Files\shaders</Filter>
    </None>
  </ItemGroup>
</Project>